// !$*UTF8*$!
{
	archiveVersion = 1;
	classes = {
	};
	objectVersion = 50;
	objects = {

/* Begin PBXBuildFile section */
		14D55269309EDD5D89C14BBD /* Pods_ContactMvvmExampleTests.framework in Frameworks */ = {isa = PBXBuildFile; fileRef = 6F0D34E404B6FA9FCE70CD64 /* Pods_ContactMvvmExampleTests.framework */; };
		3A1C845BE6FE50A3D18AF669 /* Pods_ContactMvvmExample_ContactMvvmExampleUITests.framework in Frameworks */ = {isa = PBXBuildFile; fileRef = 08588BFCE5DA3BAC4FE01FE8 /* Pods_ContactMvvmExample_ContactMvvmExampleUITests.framework */; };
		D735BEC80B66E2A86629BD86 /* Pods_ContactMvvmExample.framework in Frameworks */ = {isa = PBXBuildFile; fileRef = A60C05F6A1F780C99EA86DE3 /* Pods_ContactMvvmExample.framework */; };
		E0B12CB32345997F00294BDD /* AppDelegate.swift in Sources */ = {isa = PBXBuildFile; fileRef = E0B12CB22345997F00294BDD /* AppDelegate.swift */; };
		E0B12CB82345997F00294BDD /* Main.storyboard in Resources */ = {isa = PBXBuildFile; fileRef = E0B12CB62345997F00294BDD /* Main.storyboard */; };
		E0B12CBB2345997F00294BDD /* ContactMvvmExample.xcdatamodeld in Sources */ = {isa = PBXBuildFile; fileRef = E0B12CB92345997F00294BDD /* ContactMvvmExample.xcdatamodeld */; };
		E0B12CBD2345998000294BDD /* Assets.xcassets in Resources */ = {isa = PBXBuildFile; fileRef = E0B12CBC2345998000294BDD /* Assets.xcassets */; };
		E0B12CC02345998000294BDD /* LaunchScreen.storyboard in Resources */ = {isa = PBXBuildFile; fileRef = E0B12CBE2345998000294BDD /* LaunchScreen.storyboard */; };
		E0B12CCB2345998000294BDD /* ContactMvvmExampleTests.swift in Sources */ = {isa = PBXBuildFile; fileRef = E0B12CCA2345998000294BDD /* ContactMvvmExampleTests.swift */; };
		E0B12CD62345998000294BDD /* ContactMvvmExampleUITests.swift in Sources */ = {isa = PBXBuildFile; fileRef = E0B12CD52345998000294BDD /* ContactMvvmExampleUITests.swift */; };
		E0B12CE52345A05300294BDD /* ContactLandingVC.swift in Sources */ = {isa = PBXBuildFile; fileRef = E0B12CE42345A05300294BDD /* ContactLandingVC.swift */; };
		E0B12CEA2345F41E00294BDD /* SectionHeaderView.swift in Sources */ = {isa = PBXBuildFile; fileRef = E0B12CE82345F41E00294BDD /* SectionHeaderView.swift */; };
		E0B12CEB2345F41E00294BDD /* SectionHeaderView.xib in Resources */ = {isa = PBXBuildFile; fileRef = E0B12CE92345F41E00294BDD /* SectionHeaderView.xib */; };
		E0B12CED2345F48C00294BDD /* BaseView.swift in Sources */ = {isa = PBXBuildFile; fileRef = E0B12CEC2345F48C00294BDD /* BaseView.swift */; };
/* End PBXBuildFile section */

/* Begin PBXContainerItemProxy section */
		E0B12CC72345998000294BDD /* PBXContainerItemProxy */ = {
			isa = PBXContainerItemProxy;
			containerPortal = E0B12CA72345997F00294BDD /* Project object */;
			proxyType = 1;
			remoteGlobalIDString = E0B12CAE2345997F00294BDD;
			remoteInfo = ContactMvvmExample;
		};
		E0B12CD22345998000294BDD /* PBXContainerItemProxy */ = {
			isa = PBXContainerItemProxy;
			containerPortal = E0B12CA72345997F00294BDD /* Project object */;
			proxyType = 1;
			remoteGlobalIDString = E0B12CAE2345997F00294BDD;
			remoteInfo = ContactMvvmExample;
		};
/* End PBXContainerItemProxy section */

/* Begin PBXFileReference section */
		08588BFCE5DA3BAC4FE01FE8 /* Pods_ContactMvvmExample_ContactMvvmExampleUITests.framework */ = {isa = PBXFileReference; explicitFileType = wrapper.framework; includeInIndex = 0; path = Pods_ContactMvvmExample_ContactMvvmExampleUITests.framework; sourceTree = BUILT_PRODUCTS_DIR; };
		50ABD02FE8A712FD76272804 /* Pods-ContactMvvmExample.debug.xcconfig */ = {isa = PBXFileReference; includeInIndex = 1; lastKnownFileType = text.xcconfig; name = "Pods-ContactMvvmExample.debug.xcconfig"; path = "Target Support Files/Pods-ContactMvvmExample/Pods-ContactMvvmExample.debug.xcconfig"; sourceTree = "<group>"; };
		6F0D34E404B6FA9FCE70CD64 /* Pods_ContactMvvmExampleTests.framework */ = {isa = PBXFileReference; explicitFileType = wrapper.framework; includeInIndex = 0; path = Pods_ContactMvvmExampleTests.framework; sourceTree = BUILT_PRODUCTS_DIR; };
		71260E1324317A400305C101 /* Pods-ContactMvvmExample.release.xcconfig */ = {isa = PBXFileReference; includeInIndex = 1; lastKnownFileType = text.xcconfig; name = "Pods-ContactMvvmExample.release.xcconfig"; path = "Target Support Files/Pods-ContactMvvmExample/Pods-ContactMvvmExample.release.xcconfig"; sourceTree = "<group>"; };
		A0EC0D22EB3527082F8CE35D /* Pods-ContactMvvmExample-ContactMvvmExampleUITests.debug.xcconfig */ = {isa = PBXFileReference; includeInIndex = 1; lastKnownFileType = text.xcconfig; name = "Pods-ContactMvvmExample-ContactMvvmExampleUITests.debug.xcconfig"; path = "Target Support Files/Pods-ContactMvvmExample-ContactMvvmExampleUITests/Pods-ContactMvvmExample-ContactMvvmExampleUITests.debug.xcconfig"; sourceTree = "<group>"; };
		A5745DD2F07C63A40F0C87E8 /* Pods-ContactMvvmExampleTests.debug.xcconfig */ = {isa = PBXFileReference; includeInIndex = 1; lastKnownFileType = text.xcconfig; name = "Pods-ContactMvvmExampleTests.debug.xcconfig"; path = "Target Support Files/Pods-ContactMvvmExampleTests/Pods-ContactMvvmExampleTests.debug.xcconfig"; sourceTree = "<group>"; };
		A60C05F6A1F780C99EA86DE3 /* Pods_ContactMvvmExample.framework */ = {isa = PBXFileReference; explicitFileType = wrapper.framework; includeInIndex = 0; path = Pods_ContactMvvmExample.framework; sourceTree = BUILT_PRODUCTS_DIR; };
		DADDC9E552540CC6DE10C26C /* Pods-ContactMvvmExample-ContactMvvmExampleUITests.release.xcconfig */ = {isa = PBXFileReference; includeInIndex = 1; lastKnownFileType = text.xcconfig; name = "Pods-ContactMvvmExample-ContactMvvmExampleUITests.release.xcconfig"; path = "Target Support Files/Pods-ContactMvvmExample-ContactMvvmExampleUITests/Pods-ContactMvvmExample-ContactMvvmExampleUITests.release.xcconfig"; sourceTree = "<group>"; };
		DECC9D2293EEF6C02661181A /* Pods-ContactMvvmExampleTests.release.xcconfig */ = {isa = PBXFileReference; includeInIndex = 1; lastKnownFileType = text.xcconfig; name = "Pods-ContactMvvmExampleTests.release.xcconfig"; path = "Target Support Files/Pods-ContactMvvmExampleTests/Pods-ContactMvvmExampleTests.release.xcconfig"; sourceTree = "<group>"; };
		E0B12CAF2345997F00294BDD /* ContactMvvmExample.app */ = {isa = PBXFileReference; explicitFileType = wrapper.application; includeInIndex = 0; path = ContactMvvmExample.app; sourceTree = BUILT_PRODUCTS_DIR; };
		E0B12CB22345997F00294BDD /* AppDelegate.swift */ = {isa = PBXFileReference; lastKnownFileType = sourcecode.swift; path = AppDelegate.swift; sourceTree = "<group>"; };
		E0B12CB72345997F00294BDD /* Base */ = {isa = PBXFileReference; lastKnownFileType = file.storyboard; name = Base; path = Base.lproj/Main.storyboard; sourceTree = "<group>"; };
		E0B12CBA2345997F00294BDD /* ContactMvvmExample.xcdatamodel */ = {isa = PBXFileReference; lastKnownFileType = wrapper.xcdatamodel; path = ContactMvvmExample.xcdatamodel; sourceTree = "<group>"; };
		E0B12CBC2345998000294BDD /* Assets.xcassets */ = {isa = PBXFileReference; lastKnownFileType = folder.assetcatalog; path = Assets.xcassets; sourceTree = "<group>"; };
		E0B12CBF2345998000294BDD /* Base */ = {isa = PBXFileReference; lastKnownFileType = file.storyboard; name = Base; path = Base.lproj/LaunchScreen.storyboard; sourceTree = "<group>"; };
		E0B12CC12345998000294BDD /* Info.plist */ = {isa = PBXFileReference; lastKnownFileType = text.plist.xml; path = Info.plist; sourceTree = "<group>"; };
		E0B12CC62345998000294BDD /* ContactMvvmExampleTests.xctest */ = {isa = PBXFileReference; explicitFileType = wrapper.cfbundle; includeInIndex = 0; path = ContactMvvmExampleTests.xctest; sourceTree = BUILT_PRODUCTS_DIR; };
		E0B12CCA2345998000294BDD /* ContactMvvmExampleTests.swift */ = {isa = PBXFileReference; lastKnownFileType = sourcecode.swift; path = ContactMvvmExampleTests.swift; sourceTree = "<group>"; };
		E0B12CCC2345998000294BDD /* Info.plist */ = {isa = PBXFileReference; lastKnownFileType = text.plist.xml; path = Info.plist; sourceTree = "<group>"; };
		E0B12CD12345998000294BDD /* ContactMvvmExampleUITests.xctest */ = {isa = PBXFileReference; explicitFileType = wrapper.cfbundle; includeInIndex = 0; path = ContactMvvmExampleUITests.xctest; sourceTree = BUILT_PRODUCTS_DIR; };
		E0B12CD52345998000294BDD /* ContactMvvmExampleUITests.swift */ = {isa = PBXFileReference; lastKnownFileType = sourcecode.swift; path = ContactMvvmExampleUITests.swift; sourceTree = "<group>"; };
		E0B12CD72345998000294BDD /* Info.plist */ = {isa = PBXFileReference; lastKnownFileType = text.plist.xml; path = Info.plist; sourceTree = "<group>"; };
		E0B12CE42345A05300294BDD /* ContactLandingVC.swift */ = {isa = PBXFileReference; lastKnownFileType = sourcecode.swift; path = ContactLandingVC.swift; sourceTree = "<group>"; };
		E0B12CE82345F41E00294BDD /* SectionHeaderView.swift */ = {isa = PBXFileReference; fileEncoding = 4; lastKnownFileType = sourcecode.swift; path = SectionHeaderView.swift; sourceTree = "<group>"; };
		E0B12CE92345F41E00294BDD /* SectionHeaderView.xib */ = {isa = PBXFileReference; fileEncoding = 4; lastKnownFileType = file.xib; path = SectionHeaderView.xib; sourceTree = "<group>"; };
		E0B12CEC2345F48C00294BDD /* BaseView.swift */ = {isa = PBXFileReference; fileEncoding = 4; lastKnownFileType = sourcecode.swift; path = BaseView.swift; sourceTree = "<group>"; };
/* End PBXFileReference section */

/* Begin PBXFrameworksBuildPhase section */
		E0B12CAC2345997F00294BDD /* Frameworks */ = {
			isa = PBXFrameworksBuildPhase;
			buildActionMask = 2147483647;
			files = (
				D735BEC80B66E2A86629BD86 /* Pods_ContactMvvmExample.framework in Frameworks */,
			);
			runOnlyForDeploymentPostprocessing = 0;
		};
		E0B12CC32345998000294BDD /* Frameworks */ = {
			isa = PBXFrameworksBuildPhase;
			buildActionMask = 2147483647;
			files = (
				14D55269309EDD5D89C14BBD /* Pods_ContactMvvmExampleTests.framework in Frameworks */,
			);
			runOnlyForDeploymentPostprocessing = 0;
		};
		E0B12CCE2345998000294BDD /* Frameworks */ = {
			isa = PBXFrameworksBuildPhase;
			buildActionMask = 2147483647;
			files = (
				3A1C845BE6FE50A3D18AF669 /* Pods_ContactMvvmExample_ContactMvvmExampleUITests.framework in Frameworks */,
			);
			runOnlyForDeploymentPostprocessing = 0;
		};
/* End PBXFrameworksBuildPhase section */

/* Begin PBXGroup section */
		8BC22E7062152687A0C4413C /* Pods */ = {
			isa = PBXGroup;
			children = (
				50ABD02FE8A712FD76272804 /* Pods-ContactMvvmExample.debug.xcconfig */,
				71260E1324317A400305C101 /* Pods-ContactMvvmExample.release.xcconfig */,
				A0EC0D22EB3527082F8CE35D /* Pods-ContactMvvmExample-ContactMvvmExampleUITests.debug.xcconfig */,
				DADDC9E552540CC6DE10C26C /* Pods-ContactMvvmExample-ContactMvvmExampleUITests.release.xcconfig */,
				A5745DD2F07C63A40F0C87E8 /* Pods-ContactMvvmExampleTests.debug.xcconfig */,
				DECC9D2293EEF6C02661181A /* Pods-ContactMvvmExampleTests.release.xcconfig */,
			);
			path = Pods;
			sourceTree = "<group>";
		};
		D9A0AE99385638C193EFB20A /* Frameworks */ = {
			isa = PBXGroup;
			children = (
				A60C05F6A1F780C99EA86DE3 /* Pods_ContactMvvmExample.framework */,
				08588BFCE5DA3BAC4FE01FE8 /* Pods_ContactMvvmExample_ContactMvvmExampleUITests.framework */,
				6F0D34E404B6FA9FCE70CD64 /* Pods_ContactMvvmExampleTests.framework */,
			);
			name = Frameworks;
			sourceTree = "<group>";
		};
		E0B12CA62345997F00294BDD = {
			isa = PBXGroup;
			children = (
				E0B12CB12345997F00294BDD /* ContactMvvmExample */,
				E0B12CC92345998000294BDD /* ContactMvvmExampleTests */,
				E0B12CD42345998000294BDD /* ContactMvvmExampleUITests */,
				E0B12CB02345997F00294BDD /* Products */,
				8BC22E7062152687A0C4413C /* Pods */,
				D9A0AE99385638C193EFB20A /* Frameworks */,
			);
			sourceTree = "<group>";
		};
		E0B12CB02345997F00294BDD /* Products */ = {
			isa = PBXGroup;
			children = (
				E0B12CAF2345997F00294BDD /* ContactMvvmExample.app */,
				E0B12CC62345998000294BDD /* ContactMvvmExampleTests.xctest */,
				E0B12CD12345998000294BDD /* ContactMvvmExampleUITests.xctest */,
			);
			name = Products;
			sourceTree = "<group>";
		};
		E0B12CB12345997F00294BDD /* ContactMvvmExample */ = {
			isa = PBXGroup;
			children = (
				E0B12CE72345F41E00294BDD /* Component */,
				E0B12CB22345997F00294BDD /* AppDelegate.swift */,
				E0B12CE42345A05300294BDD /* ContactLandingVC.swift */,
				E0B12CB62345997F00294BDD /* Main.storyboard */,
				E0B12CBC2345998000294BDD /* Assets.xcassets */,
				E0B12CBE2345998000294BDD /* LaunchScreen.storyboard */,
				E0B12CC12345998000294BDD /* Info.plist */,
				E0B12CB92345997F00294BDD /* ContactMvvmExample.xcdatamodeld */,
			);
			path = ContactMvvmExample;
			sourceTree = "<group>";
		};
		E0B12CC92345998000294BDD /* ContactMvvmExampleTests */ = {
			isa = PBXGroup;
			children = (
				E0B12CCA2345998000294BDD /* ContactMvvmExampleTests.swift */,
				E0B12CCC2345998000294BDD /* Info.plist */,
			);
			path = ContactMvvmExampleTests;
			sourceTree = "<group>";
		};
		E0B12CD42345998000294BDD /* ContactMvvmExampleUITests */ = {
			isa = PBXGroup;
			children = (
				E0B12CD52345998000294BDD /* ContactMvvmExampleUITests.swift */,
				E0B12CD72345998000294BDD /* Info.plist */,
			);
			path = ContactMvvmExampleUITests;
			sourceTree = "<group>";
		};
		E0B12CE72345F41E00294BDD /* Component */ = {
			isa = PBXGroup;
			children = (
				E0B12CEC2345F48C00294BDD /* BaseView.swift */,
				E0B12CE92345F41E00294BDD /* SectionHeaderView.xib */,
				E0B12CE82345F41E00294BDD /* SectionHeaderView.swift */,
			);
			path = Component;
			sourceTree = "<group>";
		};
/* End PBXGroup section */

/* Begin PBXNativeTarget section */
		E0B12CAE2345997F00294BDD /* ContactMvvmExample */ = {
			isa = PBXNativeTarget;
			buildConfigurationList = E0B12CDA2345998000294BDD /* Build configuration list for PBXNativeTarget "ContactMvvmExample" */;
			buildPhases = (
				C2611D056908C2803ED86016 /* [CP] Check Pods Manifest.lock */,
				E0B12CAB2345997F00294BDD /* Sources */,
				E0B12CAC2345997F00294BDD /* Frameworks */,
				E0B12CAD2345997F00294BDD /* Resources */,
				E0B12CE323459C2900294BDD /* ShellScript */,
			);
			buildRules = (
			);
			dependencies = (
			);
			name = ContactMvvmExample;
			productName = ContactMvvmExample;
			productReference = E0B12CAF2345997F00294BDD /* ContactMvvmExample.app */;
			productType = "com.apple.product-type.application";
		};
		E0B12CC52345998000294BDD /* ContactMvvmExampleTests */ = {
			isa = PBXNativeTarget;
			buildConfigurationList = E0B12CDD2345998000294BDD /* Build configuration list for PBXNativeTarget "ContactMvvmExampleTests" */;
			buildPhases = (
				D1249C879349DD2E6954F2E5 /* [CP] Check Pods Manifest.lock */,
				E0B12CC22345998000294BDD /* Sources */,
				E0B12CC32345998000294BDD /* Frameworks */,
				E0B12CC42345998000294BDD /* Resources */,
			);
			buildRules = (
			);
			dependencies = (
				E0B12CC82345998000294BDD /* PBXTargetDependency */,
			);
			name = ContactMvvmExampleTests;
			productName = ContactMvvmExampleTests;
			productReference = E0B12CC62345998000294BDD /* ContactMvvmExampleTests.xctest */;
			productType = "com.apple.product-type.bundle.unit-test";
		};
		E0B12CD02345998000294BDD /* ContactMvvmExampleUITests */ = {
			isa = PBXNativeTarget;
			buildConfigurationList = E0B12CE02345998000294BDD /* Build configuration list for PBXNativeTarget "ContactMvvmExampleUITests" */;
			buildPhases = (
				941028802CF2F88E6486D7C8 /* [CP] Check Pods Manifest.lock */,
				E0B12CCD2345998000294BDD /* Sources */,
				E0B12CCE2345998000294BDD /* Frameworks */,
				E0B12CCF2345998000294BDD /* Resources */,
			);
			buildRules = (
			);
			dependencies = (
				E0B12CD32345998000294BDD /* PBXTargetDependency */,
			);
			name = ContactMvvmExampleUITests;
			productName = ContactMvvmExampleUITests;
			productReference = E0B12CD12345998000294BDD /* ContactMvvmExampleUITests.xctest */;
			productType = "com.apple.product-type.bundle.ui-testing";
		};
/* End PBXNativeTarget section */

/* Begin PBXProject section */
		E0B12CA72345997F00294BDD /* Project object */ = {
			isa = PBXProject;
			attributes = {
				LastSwiftUpdateCheck = 1030;
				LastUpgradeCheck = 1030;
				ORGANIZATIONNAME = Chandresh;
				TargetAttributes = {
					E0B12CAE2345997F00294BDD = {
						CreatedOnToolsVersion = 10.3;
					};
					E0B12CC52345998000294BDD = {
						CreatedOnToolsVersion = 10.3;
						TestTargetID = E0B12CAE2345997F00294BDD;
					};
					E0B12CD02345998000294BDD = {
						CreatedOnToolsVersion = 10.3;
						TestTargetID = E0B12CAE2345997F00294BDD;
					};
				};
			};
			buildConfigurationList = E0B12CAA2345997F00294BDD /* Build configuration list for PBXProject "ContactMvvmExample" */;
			compatibilityVersion = "Xcode 9.3";
			developmentRegion = en;
			hasScannedForEncodings = 0;
			knownRegions = (
				en,
				Base,
			);
			mainGroup = E0B12CA62345997F00294BDD;
			productRefGroup = E0B12CB02345997F00294BDD /* Products */;
			projectDirPath = "";
			projectRoot = "";
			targets = (
				E0B12CAE2345997F00294BDD /* ContactMvvmExample */,
				E0B12CC52345998000294BDD /* ContactMvvmExampleTests */,
				E0B12CD02345998000294BDD /* ContactMvvmExampleUITests */,
			);
		};
/* End PBXProject section */

/* Begin PBXResourcesBuildPhase section */
		E0B12CAD2345997F00294BDD /* Resources */ = {
			isa = PBXResourcesBuildPhase;
			buildActionMask = 2147483647;
			files = (
				E0B12CC02345998000294BDD /* LaunchScreen.storyboard in Resources */,
				E0B12CBD2345998000294BDD /* Assets.xcassets in Resources */,
				E0B12CB82345997F00294BDD /* Main.storyboard in Resources */,
				E0B12CEB2345F41E00294BDD /* SectionHeaderView.xib in Resources */,
			);
			runOnlyForDeploymentPostprocessing = 0;
		};
		E0B12CC42345998000294BDD /* Resources */ = {
			isa = PBXResourcesBuildPhase;
			buildActionMask = 2147483647;
			files = (
			);
			runOnlyForDeploymentPostprocessing = 0;
		};
		E0B12CCF2345998000294BDD /* Resources */ = {
			isa = PBXResourcesBuildPhase;
			buildActionMask = 2147483647;
			files = (
			);
			runOnlyForDeploymentPostprocessing = 0;
		};
/* End PBXResourcesBuildPhase section */

/* Begin PBXShellScriptBuildPhase section */
		941028802CF2F88E6486D7C8 /* [CP] Check Pods Manifest.lock */ = {
			isa = PBXShellScriptBuildPhase;
			buildActionMask = 2147483647;
			files = (
			);
			inputFileListPaths = (
			);
			inputPaths = (
				"${PODS_PODFILE_DIR_PATH}/Podfile.lock",
				"${PODS_ROOT}/Manifest.lock",
			);
			name = "[CP] Check Pods Manifest.lock";
			outputFileListPaths = (
			);
			outputPaths = (
				"$(DERIVED_FILE_DIR)/Pods-ContactMvvmExample-ContactMvvmExampleUITests-checkManifestLockResult.txt",
			);
			runOnlyForDeploymentPostprocessing = 0;
			shellPath = /bin/sh;
			shellScript = "diff \"${PODS_PODFILE_DIR_PATH}/Podfile.lock\" \"${PODS_ROOT}/Manifest.lock\" > /dev/null\nif [ $? != 0 ] ; then\n    # print error to STDERR\n    echo \"error: The sandbox is not in sync with the Podfile.lock. Run 'pod install' or update your CocoaPods installation.\" >&2\n    exit 1\nfi\n# This output is used by Xcode 'outputs' to avoid re-running this script phase.\necho \"SUCCESS\" > \"${SCRIPT_OUTPUT_FILE_0}\"\n";
			showEnvVarsInLog = 0;
		};
		C2611D056908C2803ED86016 /* [CP] Check Pods Manifest.lock */ = {
			isa = PBXShellScriptBuildPhase;
			buildActionMask = 2147483647;
			files = (
			);
			inputFileListPaths = (
			);
			inputPaths = (
				"${PODS_PODFILE_DIR_PATH}/Podfile.lock",
				"${PODS_ROOT}/Manifest.lock",
			);
			name = "[CP] Check Pods Manifest.lock";
			outputFileListPaths = (
			);
			outputPaths = (
				"$(DERIVED_FILE_DIR)/Pods-ContactMvvmExample-checkManifestLockResult.txt",
			);
			runOnlyForDeploymentPostprocessing = 0;
			shellPath = /bin/sh;
			shellScript = "diff \"${PODS_PODFILE_DIR_PATH}/Podfile.lock\" \"${PODS_ROOT}/Manifest.lock\" > /dev/null\nif [ $? != 0 ] ; then\n    # print error to STDERR\n    echo \"error: The sandbox is not in sync with the Podfile.lock. Run 'pod install' or update your CocoaPods installation.\" >&2\n    exit 1\nfi\n# This output is used by Xcode 'outputs' to avoid re-running this script phase.\necho \"SUCCESS\" > \"${SCRIPT_OUTPUT_FILE_0}\"\n";
			showEnvVarsInLog = 0;
		};
		D1249C879349DD2E6954F2E5 /* [CP] Check Pods Manifest.lock */ = {
			isa = PBXShellScriptBuildPhase;
			buildActionMask = 2147483647;
			files = (
			);
			inputFileListPaths = (
			);
			inputPaths = (
				"${PODS_PODFILE_DIR_PATH}/Podfile.lock",
				"${PODS_ROOT}/Manifest.lock",
			);
			name = "[CP] Check Pods Manifest.lock";
			outputFileListPaths = (
			);
			outputPaths = (
				"$(DERIVED_FILE_DIR)/Pods-ContactMvvmExampleTests-checkManifestLockResult.txt",
			);
			runOnlyForDeploymentPostprocessing = 0;
			shellPath = /bin/sh;
			shellScript = "diff \"${PODS_PODFILE_DIR_PATH}/Podfile.lock\" \"${PODS_ROOT}/Manifest.lock\" > /dev/null\nif [ $? != 0 ] ; then\n    # print error to STDERR\n    echo \"error: The sandbox is not in sync with the Podfile.lock. Run 'pod install' or update your CocoaPods installation.\" >&2\n    exit 1\nfi\n# This output is used by Xcode 'outputs' to avoid re-running this script phase.\necho \"SUCCESS\" > \"${SCRIPT_OUTPUT_FILE_0}\"\n";
			showEnvVarsInLog = 0;
		};
		E0B12CE323459C2900294BDD /* ShellScript */ = {
			isa = PBXShellScriptBuildPhase;
			buildActionMask = 2147483647;
			files = (
			);
			inputFileListPaths = (
			);
			inputPaths = (
			);
			outputFileListPaths = (
			);
			outputPaths = (
			);
			runOnlyForDeploymentPostprocessing = 0;
			shellPath = /bin/sh;
			shellScript = "if which swiftlint >/dev/null; then\nswiftlint\nelse\necho \"Error: SwiftLint not installed, download from https://github.com/realm/SwiftLint\"\nexit 1\nfi\n";
		};
/* End PBXShellScriptBuildPhase section */

/* Begin PBXSourcesBuildPhase section */
		E0B12CAB2345997F00294BDD /* Sources */ = {
			isa = PBXSourcesBuildPhase;
			buildActionMask = 2147483647;
			files = (
				E0B12CBB2345997F00294BDD /* ContactMvvmExample.xcdatamodeld in Sources */,
				E0B12CE52345A05300294BDD /* ContactLandingVC.swift in Sources */,
				E0B12CED2345F48C00294BDD /* BaseView.swift in Sources */,
				E0B12CB32345997F00294BDD /* AppDelegate.swift in Sources */,
				E0B12CEA2345F41E00294BDD /* SectionHeaderView.swift in Sources */,
			);
			runOnlyForDeploymentPostprocessing = 0;
		};
		E0B12CC22345998000294BDD /* Sources */ = {
			isa = PBXSourcesBuildPhase;
			buildActionMask = 2147483647;
			files = (
				E0B12CCB2345998000294BDD /* ContactMvvmExampleTests.swift in Sources */,
			);
			runOnlyForDeploymentPostprocessing = 0;
		};
		E0B12CCD2345998000294BDD /* Sources */ = {
			isa = PBXSourcesBuildPhase;
			buildActionMask = 2147483647;
			files = (
				E0B12CD62345998000294BDD /* ContactMvvmExampleUITests.swift in Sources */,
			);
			runOnlyForDeploymentPostprocessing = 0;
		};
/* End PBXSourcesBuildPhase section */

/* Begin PBXTargetDependency section */
		E0B12CC82345998000294BDD /* PBXTargetDependency */ = {
			isa = PBXTargetDependency;
			target = E0B12CAE2345997F00294BDD /* ContactMvvmExample */;
			targetProxy = E0B12CC72345998000294BDD /* PBXContainerItemProxy */;
		};
		E0B12CD32345998000294BDD /* PBXTargetDependency */ = {
			isa = PBXTargetDependency;
			target = E0B12CAE2345997F00294BDD /* ContactMvvmExample */;
			targetProxy = E0B12CD22345998000294BDD /* PBXContainerItemProxy */;
		};
/* End PBXTargetDependency section */

/* Begin PBXVariantGroup section */
		E0B12CB62345997F00294BDD /* Main.storyboard */ = {
			isa = PBXVariantGroup;
			children = (
				E0B12CB72345997F00294BDD /* Base */,
			);
			name = Main.storyboard;
			sourceTree = "<group>";
		};
		E0B12CBE2345998000294BDD /* LaunchScreen.storyboard */ = {
			isa = PBXVariantGroup;
			children = (
				E0B12CBF2345998000294BDD /* Base */,
			);
			name = LaunchScreen.storyboard;
			sourceTree = "<group>";
		};
/* End PBXVariantGroup section */

/* Begin XCBuildConfiguration section */
		E0B12CD82345998000294BDD /* Debug */ = {
			isa = XCBuildConfiguration;
			buildSettings = {
				ALWAYS_SEARCH_USER_PATHS = NO;
				CLANG_ANALYZER_NONNULL = YES;
				CLANG_ANALYZER_NUMBER_OBJECT_CONVERSION = YES_AGGRESSIVE;
				CLANG_CXX_LANGUAGE_STANDARD = "gnu++14";
				CLANG_CXX_LIBRARY = "libc++";
				CLANG_ENABLE_MODULES = YES;
				CLANG_ENABLE_OBJC_ARC = YES;
				CLANG_ENABLE_OBJC_WEAK = YES;
				CLANG_WARN_BLOCK_CAPTURE_AUTORELEASING = YES;
				CLANG_WARN_BOOL_CONVERSION = YES;
				CLANG_WARN_COMMA = YES;
				CLANG_WARN_CONSTANT_CONVERSION = YES;
				CLANG_WARN_DEPRECATED_OBJC_IMPLEMENTATIONS = YES;
				CLANG_WARN_DIRECT_OBJC_ISA_USAGE = YES_ERROR;
				CLANG_WARN_DOCUMENTATION_COMMENTS = YES;
				CLANG_WARN_EMPTY_BODY = YES;
				CLANG_WARN_ENUM_CONVERSION = YES;
				CLANG_WARN_INFINITE_RECURSION = YES;
				CLANG_WARN_INT_CONVERSION = YES;
				CLANG_WARN_NON_LITERAL_NULL_CONVERSION = YES;
				CLANG_WARN_OBJC_IMPLICIT_RETAIN_SELF = YES;
				CLANG_WARN_OBJC_LITERAL_CONVERSION = YES;
				CLANG_WARN_OBJC_ROOT_CLASS = YES_ERROR;
				CLANG_WARN_RANGE_LOOP_ANALYSIS = YES;
				CLANG_WARN_STRICT_PROTOTYPES = YES;
				CLANG_WARN_SUSPICIOUS_MOVE = YES;
				CLANG_WARN_UNGUARDED_AVAILABILITY = YES_AGGRESSIVE;
				CLANG_WARN_UNREACHABLE_CODE = YES;
				CLANG_WARN__DUPLICATE_METHOD_MATCH = YES;
				CODE_SIGN_IDENTITY = "iPhone Developer";
				COPY_PHASE_STRIP = NO;
				DEBUG_INFORMATION_FORMAT = dwarf;
				ENABLE_STRICT_OBJC_MSGSEND = YES;
				ENABLE_TESTABILITY = YES;
				GCC_C_LANGUAGE_STANDARD = gnu11;
				GCC_DYNAMIC_NO_PIC = NO;
				GCC_NO_COMMON_BLOCKS = YES;
				GCC_OPTIMIZATION_LEVEL = 0;
				GCC_PREPROCESSOR_DEFINITIONS = (
					"DEBUG=1",
					"$(inherited)",
				);
				GCC_WARN_64_TO_32_BIT_CONVERSION = YES;
				GCC_WARN_ABOUT_RETURN_TYPE = YES_ERROR;
				GCC_WARN_UNDECLARED_SELECTOR = YES;
				GCC_WARN_UNINITIALIZED_AUTOS = YES_AGGRESSIVE;
				GCC_WARN_UNUSED_FUNCTION = YES;
				GCC_WARN_UNUSED_VARIABLE = YES;
				IPHONEOS_DEPLOYMENT_TARGET = 12.4;
				MTL_ENABLE_DEBUG_INFO = INCLUDE_SOURCE;
				MTL_FAST_MATH = YES;
				ONLY_ACTIVE_ARCH = YES;
				SDKROOT = iphoneos;
				SWIFT_ACTIVE_COMPILATION_CONDITIONS = DEBUG;
				SWIFT_OPTIMIZATION_LEVEL = "-Onone";
				SWIFT_VERSION = 5.0;
			};
			name = Debug;
		};
		E0B12CD92345998000294BDD /* Release */ = {
			isa = XCBuildConfiguration;
			buildSettings = {
				ALWAYS_SEARCH_USER_PATHS = NO;
				CLANG_ANALYZER_NONNULL = YES;
				CLANG_ANALYZER_NUMBER_OBJECT_CONVERSION = YES_AGGRESSIVE;
				CLANG_CXX_LANGUAGE_STANDARD = "gnu++14";
				CLANG_CXX_LIBRARY = "libc++";
				CLANG_ENABLE_MODULES = YES;
				CLANG_ENABLE_OBJC_ARC = YES;
				CLANG_ENABLE_OBJC_WEAK = YES;
				CLANG_WARN_BLOCK_CAPTURE_AUTORELEASING = YES;
				CLANG_WARN_BOOL_CONVERSION = YES;
				CLANG_WARN_COMMA = YES;
				CLANG_WARN_CONSTANT_CONVERSION = YES;
				CLANG_WARN_DEPRECATED_OBJC_IMPLEMENTATIONS = YES;
				CLANG_WARN_DIRECT_OBJC_ISA_USAGE = YES_ERROR;
				CLANG_WARN_DOCUMENTATION_COMMENTS = YES;
				CLANG_WARN_EMPTY_BODY = YES;
				CLANG_WARN_ENUM_CONVERSION = YES;
				CLANG_WARN_INFINITE_RECURSION = YES;
				CLANG_WARN_INT_CONVERSION = YES;
				CLANG_WARN_NON_LITERAL_NULL_CONVERSION = YES;
				CLANG_WARN_OBJC_IMPLICIT_RETAIN_SELF = YES;
				CLANG_WARN_OBJC_LITERAL_CONVERSION = YES;
				CLANG_WARN_OBJC_ROOT_CLASS = YES_ERROR;
				CLANG_WARN_RANGE_LOOP_ANALYSIS = YES;
				CLANG_WARN_STRICT_PROTOTYPES = YES;
				CLANG_WARN_SUSPICIOUS_MOVE = YES;
				CLANG_WARN_UNGUARDED_AVAILABILITY = YES_AGGRESSIVE;
				CLANG_WARN_UNREACHABLE_CODE = YES;
				CLANG_WARN__DUPLICATE_METHOD_MATCH = YES;
				CODE_SIGN_IDENTITY = "iPhone Developer";
				COPY_PHASE_STRIP = NO;
				DEBUG_INFORMATION_FORMAT = "dwarf-with-dsym";
				ENABLE_NS_ASSERTIONS = NO;
				ENABLE_STRICT_OBJC_MSGSEND = YES;
				GCC_C_LANGUAGE_STANDARD = gnu11;
				GCC_NO_COMMON_BLOCKS = YES;
				GCC_WARN_64_TO_32_BIT_CONVERSION = YES;
				GCC_WARN_ABOUT_RETURN_TYPE = YES_ERROR;
				GCC_WARN_UNDECLARED_SELECTOR = YES;
				GCC_WARN_UNINITIALIZED_AUTOS = YES_AGGRESSIVE;
				GCC_WARN_UNUSED_FUNCTION = YES;
				GCC_WARN_UNUSED_VARIABLE = YES;
				IPHONEOS_DEPLOYMENT_TARGET = 12.4;
				MTL_ENABLE_DEBUG_INFO = NO;
				MTL_FAST_MATH = YES;
				SDKROOT = iphoneos;
				SWIFT_COMPILATION_MODE = wholemodule;
				SWIFT_OPTIMIZATION_LEVEL = "-O";
				SWIFT_VERSION = 5.0;
				VALIDATE_PRODUCT = YES;
			};
			name = Release;
		};
		E0B12CDB2345998000294BDD /* Debug */ = {
			isa = XCBuildConfiguration;
			baseConfigurationReference = 50ABD02FE8A712FD76272804 /* Pods-ContactMvvmExample.debug.xcconfig */;
			buildSettings = {
				ASSETCATALOG_COMPILER_APPICON_NAME = AppIcon;
				CODE_SIGN_STYLE = Manual;
				DEVELOPMENT_TEAM = "";
				INFOPLIST_FILE = ContactMvvmExample/Info.plist;
				IPHONEOS_DEPLOYMENT_TARGET = 10.0;
				LD_RUNPATH_SEARCH_PATHS = (
					"$(inherited)",
					"@executable_path/Frameworks",
				);
				PRODUCT_BUNDLE_IDENTIFIER = Chandresh.ContactMvvmExample;
				PRODUCT_NAME = "$(TARGET_NAME)";
				PROVISIONING_PROFILE_SPECIFIER = "";
				SWIFT_VERSION = 5.0;
				TARGETED_DEVICE_FAMILY = "1,2";
			};
			name = Debug;
		};
		E0B12CDC2345998000294BDD /* Release */ = {
			isa = XCBuildConfiguration;
			baseConfigurationReference = 71260E1324317A400305C101 /* Pods-ContactMvvmExample.release.xcconfig */;
			buildSettings = {
				ASSETCATALOG_COMPILER_APPICON_NAME = AppIcon;
				CODE_SIGN_STYLE = Manual;
				DEVELOPMENT_TEAM = "";
				INFOPLIST_FILE = ContactMvvmExample/Info.plist;
				IPHONEOS_DEPLOYMENT_TARGET = 10.0;
				LD_RUNPATH_SEARCH_PATHS = (
					"$(inherited)",
					"@executable_path/Frameworks",
				);
				PRODUCT_BUNDLE_IDENTIFIER = Chandresh.ContactMvvmExample;
				PRODUCT_NAME = "$(TARGET_NAME)";
				PROVISIONING_PROFILE_SPECIFIER = "";
				SWIFT_VERSION = 5.0;
				TARGETED_DEVICE_FAMILY = "1,2";
			};
			name = Release;
		};
		E0B12CDE2345998000294BDD /* Debug */ = {
			isa = XCBuildConfiguration;
			baseConfigurationReference = A5745DD2F07C63A40F0C87E8 /* Pods-ContactMvvmExampleTests.debug.xcconfig */;
			buildSettings = {
				ALWAYS_EMBED_SWIFT_STANDARD_LIBRARIES = YES;
				BUNDLE_LOADER = "$(TEST_HOST)";
				CODE_SIGN_STYLE = Automatic;
				DEVELOPMENT_TEAM = 2Y9YZP6749;
				INFOPLIST_FILE = ContactMvvmExampleTests/Info.plist;
				LD_RUNPATH_SEARCH_PATHS = (
					"$(inherited)",
					"@executable_path/Frameworks",
					"@loader_path/Frameworks",
				);
				PRODUCT_BUNDLE_IDENTIFIER = Chandresh.ContactMvvmExampleTests;
				PRODUCT_NAME = "$(TARGET_NAME)";
				SWIFT_VERSION = 5.0;
				TARGETED_DEVICE_FAMILY = "1,2";
				TEST_HOST = "$(BUILT_PRODUCTS_DIR)/ContactMvvmExample.app/ContactMvvmExample";
			};
			name = Debug;
		};
		E0B12CDF2345998000294BDD /* Release */ = {
			isa = XCBuildConfiguration;
			baseConfigurationReference = DECC9D2293EEF6C02661181A /* Pods-ContactMvvmExampleTests.release.xcconfig */;
			buildSettings = {
				ALWAYS_EMBED_SWIFT_STANDARD_LIBRARIES = YES;
				BUNDLE_LOADER = "$(TEST_HOST)";
				CODE_SIGN_STYLE = Automatic;
				DEVELOPMENT_TEAM = 2Y9YZP6749;
				INFOPLIST_FILE = ContactMvvmExampleTests/Info.plist;
				LD_RUNPATH_SEARCH_PATHS = (
					"$(inherited)",
					"@executable_path/Frameworks",
					"@loader_path/Frameworks",
				);
				PRODUCT_BUNDLE_IDENTIFIER = Chandresh.ContactMvvmExampleTests;
				PRODUCT_NAME = "$(TARGET_NAME)";
				SWIFT_VERSION = 5.0;
				TARGETED_DEVICE_FAMILY = "1,2";
				TEST_HOST = "$(BUILT_PRODUCTS_DIR)/ContactMvvmExample.app/ContactMvvmExample";
			};
			name = Release;
		};
		E0B12CE12345998000294BDD /* Debug */ = {
			isa = XCBuildConfiguration;
			baseConfigurationReference = A0EC0D22EB3527082F8CE35D /* Pods-ContactMvvmExample-ContactMvvmExampleUITests.debug.xcconfig */;
			buildSettings = {
				ALWAYS_EMBED_SWIFT_STANDARD_LIBRARIES = YES;
				CODE_SIGN_STYLE = Automatic;
				DEVELOPMENT_TEAM = 2Y9YZP6749;
				INFOPLIST_FILE = ContactMvvmExampleUITests/Info.plist;
				LD_RUNPATH_SEARCH_PATHS = (
					"$(inherited)",
					"@executable_path/Frameworks",
					"@loader_path/Frameworks",
				);
				PRODUCT_BUNDLE_IDENTIFIER = Chandresh.ContactMvvmExampleUITests;
				PRODUCT_NAME = "$(TARGET_NAME)";
				SWIFT_VERSION = 5.0;
				TARGETED_DEVICE_FAMILY = "1,2";
				TEST_TARGET_NAME = ContactMvvmExample;
			};
			name = Debug;
		};
		E0B12CE22345998000294BDD /* Release */ = {
			isa = XCBuildConfiguration;
			baseConfigurationReference = DADDC9E552540CC6DE10C26C /* Pods-ContactMvvmExample-ContactMvvmExampleUITests.release.xcconfig */;
			buildSettings = {
				ALWAYS_EMBED_SWIFT_STANDARD_LIBRARIES = YES;
				CODE_SIGN_STYLE = Automatic;
				DEVELOPMENT_TEAM = 2Y9YZP6749;
				INFOPLIST_FILE = ContactMvvmExampleUITests/Info.plist;
				LD_RUNPATH_SEARCH_PATHS = (
					"$(inherited)",
					"@executable_path/Frameworks",
					"@loader_path/Frameworks",
				);
				PRODUCT_BUNDLE_IDENTIFIER = Chandresh.ContactMvvmExampleUITests;
				PRODUCT_NAME = "$(TARGET_NAME)";
				SWIFT_VERSION = 5.0;
				TARGETED_DEVICE_FAMILY = "1,2";
				TEST_TARGET_NAME = ContactMvvmExample;
			};
			name = Release;
		};
/* End XCBuildConfiguration section */

/* Begin XCConfigurationList section */
		E0B12CAA2345997F00294BDD /* Build configuration list for PBXProject "ContactMvvmExample" */ = {
			isa = XCConfigurationList;
			buildConfigurations = (
				E0B12CD82345998000294BDD /* Debug */,
				E0B12CD92345998000294BDD /* Release */,
			);
			defaultConfigurationIsVisible = 0;
			defaultConfigurationName = Release;
		};
		E0B12CDA2345998000294BDD /* Build configuration list for PBXNativeTarget "ContactMvvmExample" */ = {
			isa = XCConfigurationList;
			buildConfigurations = (
				E0B12CDB2345998000294BDD /* Debug */,
				E0B12CDC2345998000294BDD /* Release */,
			);
			defaultConfigurationIsVisible = 0;
			defaultConfigurationName = Release;
		};
		E0B12CDD2345998000294BDD /* Build configuration list for PBXNativeTarget "ContactMvvmExampleTests" */ = {
			isa = XCConfigurationList;
			buildConfigurations = (
				E0B12CDE2345998000294BDD /* Debug */,
				E0B12CDF2345998000294BDD /* Release */,
			);
			defaultConfigurationIsVisible = 0;
			defaultConfigurationName = Release;
		};
		E0B12CE02345998000294BDD /* Build configuration list for PBXNativeTarget "ContactMvvmExampleUITests" */ = {
			isa = XCConfigurationList;
			buildConfigurations = (
				E0B12CE12345998000294BDD /* Debug */,
				E0B12CE22345998000294BDD /* Release */,
			);
			defaultConfigurationIsVisible = 0;
			defaultConfigurationName = Release;
		};
/* End XCConfigurationList section */

/* Begin XCVersionGroup section */
		E0B12CB92345997F00294BDD /* ContactMvvmExample.xcdatamodeld */ = {
			isa = XCVersionGroup;
			children = (
				E0B12CBA2345997F00294BDD /* ContactMvvmExample.xcdatamodel */,
			);
			currentVersion = E0B12CBA2345997F00294BDD /* ContactMvvmExample.xcdatamodel */;
			path = ContactMvvmExample.xcdatamodeld;
			sourceTree = "<group>";
			versionGroupType = wrapper.xcdatamodel;
		};
/* End XCVersionGroup section */
	};
	rootObject = E0B12CA72345997F00294BDD /* Project object */;
}
