PODS:
  - Kingfisher (4.10.1)
  - Networking (4.1.1)
  - pop (1.0.12)

DEPENDENCIES:
  - Kingfisher (~> 4.10.1)
  - Networking (~> 4.1.1)
  - pop

SPEC REPOS:
  trunk:
    - Kingfisher
    - Networking
    - pop

SPEC CHECKSUMS:
  Kingfisher: c148cd7b47ebde9989f6bc7c27dcaa79d81279a0
  Networking: ffde5754883907f90f9f751e183eba4a75dc4b89
  pop: d582054913807fd11fd50bfe6a539d91c7e1a55a

PODFILE CHECKSUM: 5ca3d3fdad1f7acccfcc94eaa51ed26e6d549173

COCOAPODS: 1.8.0.beta.2
